Microsoft Visual Studio Solution File, Format Version 12.00
# Visual Studio 15
VisualStudioVersion = 15.0.26730.16
MinimumVisualStudioVersion = 10.0.40219.1
Project("{2150E333-8FDC-42A3-9474-1A3956D46DE8}") = "src", "src", "{060C1A9F-5042-4B16-A97A-B249B219F666}"
	ProjectSection(SolutionItems) = preProject
		src\Directory.Build.props = src\Directory.Build.props
	EndProjectSection
EndProject
Project("{2150E333-8FDC-42A3-9474-1A3956D46DE8}") = "test", "test", "{17F15D82-AC56-4579-BF5F-E53539AC0DB4}"
	ProjectSection(SolutionItems) = preProject
		test\Directory.Build.props = test\Directory.Build.props
	EndProjectSection
EndProject
Project("{2150E333-8FDC-42A3-9474-1A3956D46DE8}") = "Solution Items", "Solution Items", "{6B3E133B-3849-4E32-8CA6-7F2023EC0B85}"
	ProjectSection(SolutionItems) = preProject
		NuGet.config = NuGet.config
		README.md = README.md
	EndProjectSection
EndProject
Project("{2150E333-8FDC-42A3-9474-1A3956D46DE8}") = "samples", "samples", "{A978F7AD-DFCC-41C4-9AEE-9E60D58A50FD}"
EndProject
Project("{9A19103F-16F7-4668-BE54-9A1E7A4F7556}") = "SpaFallback", "src\SpaFallback\SpaFallback.csproj", "{8ED0E9AD-B936-4D01-9793-9470B964B97E}"
EndProject
Project("{9A19103F-16F7-4668-BE54-9A1E7A4F7556}") = "SpaFallback.Tests", "test\SpaFallback.Tests\SpaFallback.Tests.csproj", "{9EAA652B-873A-4F0F-B751-5381CDB774FD}"
EndProject
Project("{9A19103F-16F7-4668-BE54-9A1E7A4F7556}") = "Authentication.JwtBearer.Google", "src\Authentication.JwtBearer.Google\Authentication.JwtBearer.Google.csproj", "{E5BCFA2D-ACE6-4BC6-A327-009563366065}"
EndProject
Project("{9A19103F-16F7-4668-BE54-9A1E7A4F7556}") = "ProblemDetails", "src\ProblemDetails\ProblemDetails.csproj", "{88FA068F-E20F-44B1-AFD3-4C1F102EB976}"
EndProject
Project("{9A19103F-16F7-4668-BE54-9A1E7A4F7556}") = "ProblemDetails.Tests", "test\ProblemDetails.Tests\ProblemDetails.Tests.csproj", "{4F560993-778B-4C15-B5BB-619DAFB1D6A0}"
EndProject
Project("{9A19103F-16F7-4668-BE54-9A1E7A4F7556}") = "ProblemDetails.Sample", "samples\ProblemDetails.Sample\ProblemDetails.Sample.csproj", "{D60F3C5B-4758-4D45-AB4B-A793595FD926}"
EndProject
Project("{9A19103F-16F7-4668-BE54-9A1E7A4F7556}") = "RateLimiting", "src\RateLimiting\RateLimiting.csproj", "{E34F2445-1518-4B63-BAFF-15187F3EEEF2}"
EndProject
Project("{9A19103F-16F7-4668-BE54-9A1E7A4F7556}") = "RateLimiting.Tests", "test\RateLimiting.Tests\RateLimiting.Tests.csproj", "{1B9094D8-74F4-43BC-A119-E40573DE40FC}"
EndProject
Global
	GlobalSection(SolutionConfigurationPlatforms) = preSolution
		Debug|Any CPU = Debug|Any CPU
		Release|Any CPU = Release|Any CPU
	EndGlobalSection
	GlobalSection(ProjectConfigurationPlatforms) = postSolution
		{8ED0E9AD-B936-4D01-9793-9470B964B97E}.Debug|Any CPU.ActiveCfg = Debug|Any CPU
		{8ED0E9AD-B936-4D01-9793-9470B964B97E}.Debug|Any CPU.Build.0 = Debug|Any CPU
		{8ED0E9AD-B936-4D01-9793-9470B964B97E}.Release|Any CPU.ActiveCfg = Release|Any CPU
		{8ED0E9AD-B936-4D01-9793-9470B964B97E}.Release|Any CPU.Build.0 = Release|Any CPU
		{9EAA652B-873A-4F0F-B751-5381CDB774FD}.Debug|Any CPU.ActiveCfg = Debug|Any CPU
		{9EAA652B-873A-4F0F-B751-5381CDB774FD}.Debug|Any CPU.Build.0 = Debug|Any CPU
		{9EAA652B-873A-4F0F-B751-5381CDB774FD}.Release|Any CPU.ActiveCfg = Release|Any CPU
		{9EAA652B-873A-4F0F-B751-5381CDB774FD}.Release|Any CPU.Build.0 = Release|Any CPU
		{E5BCFA2D-ACE6-4BC6-A327-009563366065}.Debug|Any CPU.ActiveCfg = Debug|Any CPU
		{E5BCFA2D-ACE6-4BC6-A327-009563366065}.Debug|Any CPU.Build.0 = Debug|Any CPU
		{E5BCFA2D-ACE6-4BC6-A327-009563366065}.Release|Any CPU.ActiveCfg = Release|Any CPU
		{E5BCFA2D-ACE6-4BC6-A327-009563366065}.Release|Any CPU.Build.0 = Release|Any CPU
		{88FA068F-E20F-44B1-AFD3-4C1F102EB976}.Debug|Any CPU.ActiveCfg = Debug|Any CPU
		{88FA068F-E20F-44B1-AFD3-4C1F102EB976}.Debug|Any CPU.Build.0 = Debug|Any CPU
		{88FA068F-E20F-44B1-AFD3-4C1F102EB976}.Release|Any CPU.ActiveCfg = Release|Any CPU
		{88FA068F-E20F-44B1-AFD3-4C1F102EB976}.Release|Any CPU.Build.0 = Release|Any CPU
		{4F560993-778B-4C15-B5BB-619DAFB1D6A0}.Debug|Any CPU.ActiveCfg = Debug|Any CPU
		{4F560993-778B-4C15-B5BB-619DAFB1D6A0}.Debug|Any CPU.Build.0 = Debug|Any CPU
		{4F560993-778B-4C15-B5BB-619DAFB1D6A0}.Release|Any CPU.ActiveCfg = Release|Any CPU
		{4F560993-778B-4C15-B5BB-619DAFB1D6A0}.Release|Any CPU.Build.0 = Release|Any CPU
		{D60F3C5B-4758-4D45-AB4B-A793595FD926}.Debug|Any CPU.ActiveCfg = Debug|Any CPU
		{D60F3C5B-4758-4D45-AB4B-A793595FD926}.Debug|Any CPU.Build.0 = Debug|Any CPU
		{D60F3C5B-4758-4D45-AB4B-A793595FD926}.Release|Any CPU.ActiveCfg = Release|Any CPU
		{D60F3C5B-4758-4D45-AB4B-A793595FD926}.Release|Any CPU.Build.0 = Release|Any CPU
		{E34F2445-1518-4B63-BAFF-15187F3EEEF2}.Debug|Any CPU.ActiveCfg = Debug|Any CPU
		{E34F2445-1518-4B63-BAFF-15187F3EEEF2}.Debug|Any CPU.Build.0 = Debug|Any CPU
		{E34F2445-1518-4B63-BAFF-15187F3EEEF2}.Release|Any CPU.ActiveCfg = Release|Any CPU
		{E34F2445-1518-4B63-BAFF-15187F3EEEF2}.Release|Any CPU.Build.0 = Release|Any CPU
		{1B9094D8-74F4-43BC-A119-E40573DE40FC}.Debug|Any CPU.ActiveCfg = Debug|Any CPU
		{1B9094D8-74F4-43BC-A119-E40573DE40FC}.Debug|Any CPU.Build.0 = Debug|Any CPU
		{1B9094D8-74F4-43BC-A119-E40573DE40FC}.Release|Any CPU.ActiveCfg = Release|Any CPU
		{1B9094D8-74F4-43BC-A119-E40573DE40FC}.Release|Any CPU.Build.0 = Release|Any CPU
	EndGlobalSection
	GlobalSection(SolutionProperties) = preSolution
		HideSolutionNode = FALSE
	EndGlobalSection
	GlobalSection(NestedProjects) = preSolution
		{8ED0E9AD-B936-4D01-9793-9470B964B97E} = {060C1A9F-5042-4B16-A97A-B249B219F666}
		{9EAA652B-873A-4F0F-B751-5381CDB774FD} = {17F15D82-AC56-4579-BF5F-E53539AC0DB4}
		{E5BCFA2D-ACE6-4BC6-A327-009563366065} = {060C1A9F-5042-4B16-A97A-B249B219F666}
		{88FA068F-E20F-44B1-AFD3-4C1F102EB976} = {060C1A9F-5042-4B16-A97A-B249B219F666}
		{4F560993-778B-4C15-B5BB-619DAFB1D6A0} = {17F15D82-AC56-4579-BF5F-E53539AC0DB4}
		{D60F3C5B-4758-4D45-AB4B-A793595FD926} = {A978F7AD-DFCC-41C4-9AEE-9E60D58A50FD}
		{E34F2445-1518-4B63-BAFF-15187F3EEEF2} = {060C1A9F-5042-4B16-A97A-B249B219F666}
		{1B9094D8-74F4-43BC-A119-E40573DE40FC} = {17F15D82-AC56-4579-BF5F-E53539AC0DB4}
	EndGlobalSection
	GlobalSection(ExtensibilityGlobals) = postSolution
		SolutionGuid = {1EB34854-E4E8-4AFD-91EB-C33FAD8F1725}
	EndGlobalSection
EndGlobal
