{
  "version": 1,
  "dependencies": {
    ".NETStandard,Version=v2.0": {
      "Microsoft.AspNetCore.Authentication.Abstractions": {
        "type": "Direct",
        "requested": "[2.2.0, )",
        "resolved": "2.2.0",
        "contentHash": "NjLMu/c4YoCdIkWSbWpezPLm3fajC2v1Sbc5h293IvNgwmWHYr1J87mrgEBHrn6mfL9cQ2zyoccte8qqVvHA9g==",
        "dependencies": {
          "Microsoft.AspNetCore.Http.Abstractions": "2.2.0",
          "Microsoft.Extensions.Logging.Abstractions": "2.2.0",
          "Microsoft.Extensions.Options": "2.2.0"
        }
      },
      "Microsoft.AspNetCore.Authentication.Core": {
        "type": "Direct",
        "requested": "[2.2.0, )",
        "resolved": "2.2.0",
        "contentHash": "PM6TdDdWQaCdGm29kH0Qef277vrjPYGd8YgvCHrHMz3tJ0rnjHszvg/PUBjm1rifpgidkjZEnnPYAuhtE6syYA==",
        "dependencies": {
          "Microsoft.AspNetCore.Authentication.Abstractions": "2.2.0",
          "Microsoft.AspNetCore.Http": "2.2.0",
          "Microsoft.AspNetCore.Http.Extensions": "2.2.0"
        }
      },
      "Microsoft.AspNetCore.Authorization": {
        "type": "Direct",
        "requested": "[2.2.0, )",
        "resolved": "2.2.0",
        "contentHash": "wJYMv+vnYwnNu2J3blqQjEv4PGBGpvelJUnoxFyvJIctxBfd3aYeYR+1w5DpjM5yrPe4Ouz78dYJezoKqDGuZw==",
        "dependencies": {
          "Microsoft.Extensions.Logging.Abstractions": "2.2.0",
          "Microsoft.Extensions.Options": "2.2.0"
        }
      },
      "Microsoft.AspNetCore.Authorization.Policy": {
        "type": "Direct",
        "requested": "[2.2.0, )",
        "resolved": "2.2.0",
        "contentHash": "H3VZG6/JrSLY5M6sRqYoYmo2KM/yDSLeYt1/VSCl7p6WoBsyPKTb6cFECBdtehYnVBaJKZlJvfdMbVsOCEtOcA==",
        "dependencies": {
          "Microsoft.AspNetCore.Authentication.Abstractions": "2.2.0",
          "Microsoft.AspNetCore.Authorization": "2.2.0"
        }
      },
      "Microsoft.AspNetCore.Hosting.Abstractions": {
        "type": "Direct",
        "requested": "[2.2.0, )",
        "resolved": "2.2.0",
        "contentHash": "ZOrmxVtY2QLhHoglOimiaI/tiuptvFJy1Q8mkXiBYcFIAwVrgufNbcHk5NNv4oyTvI/3Pp/inKOO6LHcN9U7pQ==",
        "dependencies": {
          "Microsoft.AspNetCore.Hosting.Server.Abstractions": "2.2.0",
          "Microsoft.AspNetCore.Http.Abstractions": "2.2.0",
          "Microsoft.Extensions.Hosting.Abstractions": "2.2.0"
        }
      },
      "Microsoft.AspNetCore.Hosting.Server.Abstractions": {
        "type": "Direct",
        "requested": "[2.2.0, )",
        "resolved": "2.2.0",
        "contentHash": "4b6NlrkPOVA5Fm6Ff1b4u1YKRdbNgwTV99iHw7ZdHmNxr9ItuNCa54M6z2RMz1QSvvX6/WJ4S1JT6fUjd75qyQ==",
        "dependencies": {
          "Microsoft.AspNetCore.Http.Features": "2.2.0",
          "Microsoft.Extensions.Configuration.Abstractions": "2.2.0"
        }
      },
      "Microsoft.AspNetCore.Http": {
        "type": "Direct",
        "requested": "[2.2.2, )",
        "resolved": "2.2.2",
        "contentHash": "BAibpoItxI5puk7YJbIGj95arZueM8B8M5xT1fXBn3hb3L2G3ucrZcYXv1gXdaroLbntUs8qeV8iuBrpjQsrKw==",
        "dependencies": {
          "Microsoft.AspNetCore.Http.Abstractions": "2.2.0",
          "Microsoft.AspNetCore.WebUtilities": "2.2.0",
          "Microsoft.Extensions.ObjectPool": "2.2.0",
          "Microsoft.Extensions.Options": "2.2.0",
          "Microsoft.Net.Http.Headers": "2.2.0"
        }
      },
      "Microsoft.AspNetCore.Http.Abstractions": {
        "type": "Direct",
        "requested": "[2.2.0, )",
        "resolved": "2.2.0",
        "contentHash": "1tr/foYaJ4RIQ0iRIO86E3xvP0CREEX7Hk8nQVq9J+3oenm52yumV5sUIbQa0ntxPpqeDz/T+7NdOa+N8+YZIQ==",
        "dependencies": {
          "Microsoft.AspNetCore.Http.Features": "2.2.0",
          "System.Text.Encodings.Web": "4.5.0"
        }
      },
      "Microsoft.AspNetCore.Http.Extensions": {
        "type": "Direct",
        "requested": "[2.2.0, )",
        "resolved": "2.2.0",
        "contentHash": "IsOxTg1mTJUgWwhD4smQkKywt9L6rTMNxZJCYkv4aafhqENMQ7mZen5FgghKzGMi3IaWJXmZ520Sar8cBMZxKw==",
        "dependencies": {
          "Microsoft.AspNetCore.Http.Abstractions": "2.2.0",
          "Microsoft.Extensions.FileProviders.Abstractions": "2.2.0",
          "Microsoft.Net.Http.Headers": "2.2.0",
          "System.Buffers": "4.5.0"
        }
      },
      "Microsoft.AspNetCore.Http.Features": {
        "type": "Direct",
        "requested": "[2.2.0, )",
        "resolved": "2.2.0",
        "contentHash": "0lOVmnBhMTXxEhM5BsneJJ9YWuSs8FLkF8bnqdMmc0VTZ2SWcN0X9ZVeEpX9QdKo0HsZzGBWRVvoSM1kAA8/lA==",
        "dependencies": {
          "Microsoft.Extensions.Primitives": "2.2.0"
        }
      },
      "Microsoft.AspNetCore.Mvc.Abstractions": {
        "type": "Direct",
        "requested": "[2.2.0, )",
        "resolved": "2.2.0",
        "contentHash": "m11+ZymO/1EVaETg8Obkl/K1Jz1RPgKacz4634/N4tjYKpIUrv91sNze+kQaRra0YX6FbL66Bw+lN5EExRHFxQ==",
        "dependencies": {
          "Microsoft.AspNetCore.Routing.Abstractions": "2.2.0",
          "Microsoft.Net.Http.Headers": "2.2.0"
        }
      },
      "Microsoft.AspNetCore.Mvc.Core": {
        "type": "Direct",
        "requested": "[2.2.2, )",
        "resolved": "2.2.2",
        "contentHash": "NJ0I39z3LHwZo23FjBDQr7nYVBLrH1CilAjqp18IJIJnWAqDHoaq1RftZWMISUH1iZgwW13q/WU68Yj9Kayg/w==",
        "dependencies": {
          "Microsoft.AspNetCore.Authentication.Core": "2.2.0",
          "Microsoft.AspNetCore.Authorization.Policy": "2.2.0",
          "Microsoft.AspNetCore.Hosting.Abstractions": "2.2.0",
          "Microsoft.AspNetCore.Http": "2.2.0",
          "Microsoft.AspNetCore.Http.Extensions": "2.2.0",
          "Microsoft.AspNetCore.Mvc.Abstractions": "2.2.0",
          "Microsoft.AspNetCore.ResponseCaching.Abstractions": "2.2.0",
          "Microsoft.AspNetCore.Routing": "2.2.0",
          "Microsoft.AspNetCore.Routing.Abstractions": "2.2.0",
          "Microsoft.Extensions.DependencyInjection": "2.2.0",
          "Microsoft.Extensions.DependencyModel": "2.1.0",
          "Microsoft.Extensions.FileProviders.Abstractions": "2.2.0",
          "Microsoft.Extensions.Logging.Abstractions": "2.2.0",
          "System.Diagnostics.DiagnosticSource": "4.5.0",
          "System.Threading.Tasks.Extensions": "4.5.1"
        }
      },
      "Microsoft.AspNetCore.ResponseCaching.Abstractions": {
        "type": "Direct",
        "requested": "[2.2.0, )",
        "resolved": "2.2.0",
        "contentHash": "5EltxmMcKTFbNV7KHhxOPXmvM6iMUx/qPcPtEqQ0yakU48S2r7qr5TKBF7PHh1+TbQzL+Oe8eZWT2WeijrKw6w==",
        "dependencies": {
          "Microsoft.Extensions.Primitives": "2.2.0"
        }
      },
      "Microsoft.AspNetCore.Routing": {
        "type": "Direct",
        "requested": "[2.2.2, )",
        "resolved": "2.2.2",
        "contentHash": "HcmJmmGYewdNZ6Vcrr5RkQbc/YWU4F79P3uPPBi6fCFOgUewXNM1P4kbPuoem7tN4f7x8mq7gTsm5QGohQ5g/w==",
        "dependencies": {
          "Microsoft.AspNetCore.Http.Extensions": "2.2.0",
          "Microsoft.AspNetCore.Routing.Abstractions": "2.2.0",
          "Microsoft.Extensions.Logging.Abstractions": "2.2.0",
          "Microsoft.Extensions.ObjectPool": "2.2.0",
          "Microsoft.Extensions.Options": "2.2.0"
        }
      },
      "Microsoft.AspNetCore.Routing.Abstractions": {
        "type": "Direct",
        "requested": "[2.2.0, )",
        "resolved": "2.2.0",
        "contentHash": "TQLWpP7s51Sfkxo1EEN9yAn8f7Z3muxQfih8ND+l2PFcqNvIOrGMUbUwaJgNKdVYmOZNGaPU5t0SWRE195M3oQ==",
        "dependencies": {
          "Microsoft.AspNetCore.Http.Abstractions": "2.2.0"
        }
      },
      "Microsoft.AspNetCore.WebUtilities": {
        "type": "Direct",
        "requested": "[2.2.0, )",
        "resolved": "2.2.0",
        "contentHash": "Jo3Y7fBBBec+0coaMJ4kBIgG5TVB4BLTam0meWuRNE735p8FFaALVbk+wrfGiOQj6n2BV75oZgkrD72eJU0mYw==",
        "dependencies": {
          "Microsoft.Net.Http.Headers": "2.2.0",
          "System.Text.Encodings.Web": "4.5.0"
        }
      },
      "Microsoft.DotNet.PlatformAbstractions": {
        "type": "Direct",
        "requested": "[2.1.0, )",
        "resolved": "2.1.0",
        "contentHash": "CBUesiLxC+JljoL1bqTbD24DSwTvITloqFGBkPavkRK6A6fGCyZnTJ1B7vJEgSkBXF4Wo1q6hkXCEyI7f4JKrA==",
        "dependencies": {
          "System.AppContext": "4.1.0",
          "System.Collections": "4.0.11",
          "System.IO": "4.1.0",
          "System.IO.FileSystem": "4.0.1",
          "System.Reflection.TypeExtensions": "4.1.0",
          "System.Runtime.Extensions": "4.1.0",
          "System.Runtime.InteropServices": "4.1.0",
          "System.Runtime.InteropServices.RuntimeInformation": "4.0.0"
        }
      },
      "Microsoft.Extensions.Configuration.Abstractions": {
        "type": "Direct",
        "requested": "[2.2.0, )",
        "resolved": "2.2.0",
        "contentHash": "0Zd2AOJ6khzVhbNQnXqWHdw90aJK0ye6DNZL1bFMsoZ9hZINu+6cfA/9GyV35QcdbjWhE/xryfEOlANbs4MS/A==",
        "dependencies": {
          "Microsoft.Extensions.Primitives": "2.2.0"
        }
      },
      "Microsoft.Extensions.DependencyInjection": {
        "type": "Direct",
        "requested": "[2.2.0, )",
        "resolved": "2.2.0",
        "contentHash": "b2CwR/D3viFyqZm0t4mM+i6zzaQucXoYMuKtHGWEk3R6UqeI0g6M+hYcW+nGvO8Zsdml0o4nbhr8L9OzJ/AvUQ==",
        "dependencies": {
          "Microsoft.Extensions.DependencyInjection.Abstractions": "2.2.0"
        }
      },
      "Microsoft.Extensions.DependencyInjection.Abstractions": {
        "type": "Direct",
        "requested": "[2.2.0, )",
        "resolved": "2.2.0",
        "contentHash": "SxKm4+RUKg1UC0bC1Pj9B/4UzCu4E4tO++fDQUZuVV8kqd/Z2gsmZu3prVD5DF8VNAJIDlvqiAAQbttU88d3NQ=="
      },
      "Microsoft.Extensions.DependencyModel": {
        "type": "Direct",
        "requested": "[2.1.0, )",
        "resolved": "2.1.0",
        "contentHash": "RTpJrfnxz+UGjs4D60UUwqLH5Le25hc+1UdcRjn+CwrFWlF0P4g8dHJIjoabstXVAJrOtQHZbF74dq1UKJ9Hkg==",
        "dependencies": {
          "Microsoft.DotNet.PlatformAbstractions": "2.1.0",
          "Newtonsoft.Json": "9.0.1",
          "System.Diagnostics.Debug": "4.0.11",
          "System.Dynamic.Runtime": "4.0.11",
          "System.Linq": "4.1.0"
        }
      },
      "Microsoft.Extensions.FileProviders.Abstractions": {
        "type": "Direct",
        "requested": "[2.2.0, )",
        "resolved": "2.2.0",
        "contentHash": "ol9zBTqbsraTwQf9cGGTzd/BgiQ+MvVPrqF5fceW4KiDXGpzt9xr3KuCRmJ02w3jUMElNuZuz5lBFnBuGIic3Q==",
        "dependencies": {
          "Microsoft.Extensions.Primitives": "2.2.0"
        }
      },
      "Microsoft.Extensions.Hosting.Abstractions": {
        "type": "Direct",
        "requested": "[2.2.0, )",
        "resolved": "2.2.0",
        "contentHash": "BBkx4WU7N/oGhfkuFUHWW1cGxaPK9aoEI3Jg20k3iXd/zKNjf7UWGO93l2rAC0wSlDwu3WxntMBgD3CHSQc4eQ==",
        "dependencies": {
          "Microsoft.Extensions.Configuration.Abstractions": "2.2.0",
          "Microsoft.Extensions.DependencyInjection.Abstractions": "2.2.0",
          "Microsoft.Extensions.FileProviders.Abstractions": "2.2.0",
          "Microsoft.Extensions.Logging.Abstractions": "2.2.0"
        }
      },
      "Microsoft.Extensions.Logging.Abstractions": {
        "type": "Direct",
        "requested": "[2.2.0, )",
        "resolved": "2.2.0",
        "contentHash": "Nig//byiiYMBWulR5Nji1N3PN31ohUI4A4unp518VnjZDe5Rjarjwk2BbNjBaDdRtt+V1pozsMrEjXfGe3WScQ=="
      },
      "Microsoft.Extensions.ObjectPool": {
        "type": "Direct",
        "requested": "[2.2.0, )",
        "resolved": "2.2.0",
        "contentHash": "D+Us0DjBIhLgxE1nqbNFZnZ6Kj+4/48YAyXxHJIg9H6TRBXDe7fpkwL2vKChnv0EPUUvm7+LFCVdWq2CHAupgw=="
      },
      "Microsoft.Extensions.Options": {
        "type": "Direct",
        "requested": "[2.2.0, )",
        "resolved": "2.2.0",
        "contentHash": "jF95ouneF2Aum8hJp4w/uDzR7RYM2t2Hj/VBaOnwTqY9z5joC/oShS9qrneZJuAcW/N3PNcAql75M9QnqkK0tQ==",
        "dependencies": {
          "Microsoft.Extensions.DependencyInjection.Abstractions": "2.2.0",
          "Microsoft.Extensions.Primitives": "2.2.0",
          "System.ComponentModel.Annotations": "4.5.0"
        }
      },
      "Microsoft.Extensions.Primitives": {
        "type": "Direct",
        "requested": "[2.2.0, )",
        "resolved": "2.2.0",
        "contentHash": "YxNlr6fdxCWNcJlmNVACVxIt3/SUa7L77IHgsqutfL8nNf38bIyHOby/tLnyYDeBL+DOXw2pxhuqjAjvd7pi9Q==",
        "dependencies": {
          "System.Memory": "4.5.1",
          "System.Runtime.CompilerServices.Unsafe": "4.5.1"
        }
      },
      "Microsoft.Extensions.StackTrace.Sources": {
        "type": "Direct",
        "requested": "[2.0.0, )",
        "resolved": "2.0.0",
        "contentHash": "rVXjuEVXXU55p/CSVTu9w3SbA0qUawBp+XdojcQcdueyEIAOR98EHWOB0ur3Ixjrt0nGMFYQofVR6Uj9J78FQA=="
      },
      "Microsoft.Extensions.TypeNameHelper.Sources": {
        "type": "Direct",
        "requested": "[2.0.0, )",
        "resolved": "2.0.0",
        "contentHash": "fjNxJ1yKb6/7g4sUF7Rfj8HA6tKXl4kkvVUkANKuN0yUEpcNKeMr8wNz7h+l4zctVAqBdYzVXi8ALARPzq6xOg=="
      },
      "Microsoft.Net.Http.Headers": {
        "type": "Direct",
        "requested": "[2.2.0, )",
        "resolved": "2.2.0",
        "contentHash": "YqCkhRh9ubP/wtiPn86jZl+SH8lkL1KzHbwWOMxy4UxLIRWg3eW3/qDEb9jzHKRMn+LnuXuOW3EtAi88yTf0LA==",
        "dependencies": {
          "Microsoft.Extensions.Primitives": "2.2.0",
          "System.Buffers": "4.5.0"
        }
      },
      "Microsoft.NETCore.Platforms": {
        "type": "Direct",
        "requested": "[2.2.0, )",
        "resolved": "2.2.0",
        "contentHash": "mEGsuEhHwJvJtqQNcOHAKUFBzomFs66OlBI3ITVM7d4bn70c62wdmf9TNepwq8LxKYg/LmLghOKPAi0J0intCA=="
      },
      "Microsoft.NETCore.Targets": {
        "type": "Direct",
        "requested": "[2.1.0, )",
        "resolved": "2.1.0",
        "contentHash": "x188gIZXOwFXkPXyGavEcPGcR6RGvjFOES2QzskN4gERZjWPN34qhRsZVMC0CLJfQLGSButarcgWxPPM4vmg0w=="
      },
      "NETStandard.Library": {
        "type": "Direct",
        "requested": "[2.0.3, )",
        "resolved": "2.0.3",
        "contentHash": "vkr+VNZvsM3wLKWSWnpEJOi3dhOFYd6DeCEDvsKI1L/QtCUH/bpQv1HfzYlUqylfEiBnLCFSF4u+JF02AD8w2A==",
        "dependencies": {
          "Microsoft.NETCore.Platforms": "1.1.0"
        }
      },
      "Newtonsoft.Json": {
        "type": "Direct",
        "requested": "[12.0.2, )",
        "resolved": "12.0.2",
        "contentHash": "rTK0s2EKlfHsQsH6Yx2smvcTCeyoDNgCW7FEYyV01drPlh2T243PR2DiDXqtC5N4GDm4Ma/lkxfW5a/4793vbA=="
      },
      "runtime.native.System": {
        "type": "Direct",
        "requested": "[4.3.1, )",
        "resolved": "4.3.1",
        "contentHash": "K4T2HBcp48al2HPSQI07m4uBaFoiRqYeGKouynd7VnOdqQJUPVPMiqeXCgJqlCTiszxLmOlDEnKewdr2JOMTMA==",
        "dependencies": {
          "Microsoft.NETCore.Platforms": "1.1.1",
          "Microsoft.NETCore.Targets": "1.1.3"
        }
      },
      "SourceLink.Copy.PdbFiles": {
        "type": "Direct",
        "requested": "[2.8.3, )",
        "resolved": "2.8.3",
        "contentHash": "cxlw1QHd/J7lOtSZ45VZMOsF/YSOlwZy0fCkauo9Ib9vOv+zGzjm9q3D8qGyMII0Zz1GSmli/oxhmUNuYUpc1g=="
      },
      "SourceLink.Embed.AllSourceFiles": {
        "type": "Direct",
        "requested": "[2.8.3, )",
        "resolved": "2.8.3",
        "contentHash": "Hv77AfKNDqSUH6MSGW1ZwKWFJ/CNKOe4FD6lpJGNYdSSQeEEsE2KyPlG1IgzA8+CJG8lDQV2vLS4OljHtHohsw=="
      },
      "System.AppContext": {
        "type": "Direct",
        "requested": "[4.3.0, )",
        "resolved": "4.3.0",
        "contentHash": "sO9S6MFplxHwdbLQTaxE1nZe77hOp9K1+qp9iqajWLEMtKrdlrqJoOipbZpx646mcRbZttdw9olvxZMn5F+bdw==",
        "dependencies": {
          "System.Runtime": "4.3.0"
        }
      },
      "System.Buffers": {
        "type": "Direct",
        "requested": "[4.5.0, )",
        "resolved": "4.5.0",
        "contentHash": "sDMGc8mKbFK1J+tD2jb510MJZS6aCkY6vdwDDpPkFLYWQJxeC8MUXONZRY+F1N8V6hbJD89YFVM9dBtobqwrzw=="
      },
      "System.Collections": {
        "type": "Direct",
        "requested": "[4.3.0, )",
        "resolved": "4.3.0",
        "contentHash": "Zqz/y+FwqTa5wv1BFXUHOBVPxabz1CQo5lHmzz1D/yj7bHdUkP7KUDGMaoHXTS2uZ8+rp25zx7kiEk5LoXi+Zw==",
        "dependencies": {
          "Microsoft.NETCore.Platforms": "1.1.0",
          "Microsoft.NETCore.Targets": "1.1.0",
          "System.Runtime": "4.3.0"
        }
      },
      "System.Collections.Immutable": {
        "type": "Direct",
        "requested": "[1.5.0, )",
        "resolved": "1.5.0",
        "contentHash": "IRgUcczoODsAe5C7vKZhnUY4R6tByNHiNn/HXtZmplcImFqZIO+hz2uFEWLCvRnz17q+FphCZCJnFyvCrIHAlQ=="
      },
      "System.ComponentModel.Annotations": {
        "type": "Direct",
        "requested": "[4.5.0, )",
        "resolved": "4.5.0",
        "contentHash": "f5VAQQ+3vsxLOMJDcgLyAZCuV5KX2dPIMpS0raECI/bDGn9h7jWfO3QdQnKNXlX+LcfY5DJuUDcSbKfv7R01GA=="
      },
      "System.Diagnostics.Debug": {
        "type": "Direct",
        "requested": "[4.3.0, )",
        "resolved": "4.3.0",
        "contentHash": "Ve2ML1CN6wmpCx1kzOSsImfM2w84dTGzRql6NMIL3xJqd3ZhpWaP+AWX/3pE+ChzZqm7uUeLPmJ7vKPy5rXn2w==",
        "dependencies": {
          "Microsoft.NETCore.Platforms": "1.1.0",
          "Microsoft.NETCore.Targets": "1.1.0",
          "System.Runtime": "4.3.0"
        }
      },
      "System.Diagnostics.DiagnosticSource": {
        "type": "Direct",
        "requested": "[4.5.1, )",
        "resolved": "4.5.1",
        "contentHash": "zCno/m44ymWhgLFh7tELDG9587q0l/EynPM0m4KgLaWQbz/TEKvNRX2YT5ip2qXW/uayifQ2ZqbnErsKJ4lYrQ=="
      },
      "System.Dynamic.Runtime": {
        "type": "Direct",
        "requested": "[4.3.0, )",
        "resolved": "4.3.0",
        "contentHash": "qq3ohLthrMKwghjuM/ncT2Rxd4YsctQIdAXuzeS4XD5wbh/YiqofkY5JzcnzRylWXTDpaiKn7fKcSOX+UnsCNA==",
        "dependencies": {
          "System.Collections": "4.3.0",
          "System.Diagnostics.Debug": "4.3.0",
          "System.Linq": "4.3.0",
          "System.Linq.Expressions": "4.3.0",
          "System.ObjectModel": "4.3.0",
          "System.Reflection": "4.3.0",
          "System.Reflection.Emit": "4.3.0",
          "System.Reflection.Emit.ILGeneration": "4.3.0",
          "System.Reflection.Primitives": "4.3.0",
          "System.Reflection.TypeExtensions": "4.3.0",
          "System.Resources.ResourceManager": "4.3.0",
          "System.Runtime": "4.3.0",
          "System.Runtime.Extensions": "4.3.0",
          "System.Threading": "4.3.0"
        }
      },
      "System.Globalization": {
        "type": "Direct",
        "requested": "[4.3.0, )",
        "resolved": "4.3.0",
        "contentHash": "LtO7JuNHojfhubegIos0Cf55yZqbyKcPXfKndkmr9BVUJPiPNCbZqZF49BcBGTA+GINGhQs1L6Qdc7FiB9uEDw==",
        "dependencies": {
          "Microsoft.NETCore.Platforms": "1.1.0",
          "Microsoft.NETCore.Targets": "1.1.0",
          "System.Runtime": "4.3.0"
        }
      },
      "System.IO": {
        "type": "Direct",
        "requested": "[4.3.0, )",
        "resolved": "4.3.0",
        "contentHash": "Q2XHXMsvBqIA3zHQXru0gBnojUH8Un3hIj32ZvmVjyIw+yWrriUrqhatGHkmvlnwp08wLXHGMB74uL4UD5PjjA==",
        "dependencies": {
          "Microsoft.NETCore.Platforms": "1.1.0",
          "Microsoft.NETCore.Targets": "1.1.0",
          "System.Runtime": "4.3.0",
          "System.Text.Encoding": "4.3.0",
          "System.Threading.Tasks": "4.3.0"
        }
      },
      "System.IO.FileSystem": {
        "type": "Direct",
        "requested": "[4.3.0, )",
        "resolved": "4.3.0",
        "contentHash": "a2kvo+ksjKwIh4+CLhNuVWazmoa1JhiRG5uBLepnHRGR3KYpkvBVMX6XupQep/E5vUcj/1hWf1/OocypWljgJg==",
        "dependencies": {
          "Microsoft.NETCore.Platforms": "1.1.0",
          "Microsoft.NETCore.Targets": "1.1.0",
          "System.IO": "4.3.0",
          "System.IO.FileSystem.Primitives": "4.3.0",
          "System.Runtime": "4.3.0",
          "System.Runtime.Handles": "4.3.0",
          "System.Text.Encoding": "4.3.0",
          "System.Threading.Tasks": "4.3.0"
        }
      },
      "System.IO.FileSystem.Primitives": {
        "type": "Direct",
        "requested": "[4.3.0, )",
        "resolved": "4.3.0",
        "contentHash": "H39JHt3hU/BO+Sec1vgkPK1Az6PsZjfVmIM2z1cQJ4cK+q/NpU3d/Xh8ziOR50VvlgUsrPsTxBiXs5Wd6vIxeQ==",
        "dependencies": {
          "System.Runtime": "4.3.0"
        }
      },
      "System.Linq": {
        "type": "Direct",
        "requested": "[4.3.0, )",
        "resolved": "4.3.0",
        "contentHash": "eQWb/3YchF89m6gYhXGCbXAoiu9x67OFB8YBEEvy009wiF3DTii5K0665C3jU60qIyjhXEPVZvs7BrQOzY7l5g==",
        "dependencies": {
          "System.Collections": "4.3.0",
          "System.Diagnostics.Debug": "4.3.0",
          "System.Resources.ResourceManager": "4.3.0",
          "System.Runtime": "4.3.0",
          "System.Runtime.Extensions": "4.3.0"
        }
      },
      "System.Linq.Expressions": {
        "type": "Direct",
        "requested": "[4.3.0, )",
        "resolved": "4.3.0",
        "contentHash": "lGA6ik/cLWqaAb0rEnKJZIVoU2IM3McRsnB12qVvE4U+U2HmsSAquaaEN97SAXqzE3LgjIgTcRXF8XJMxHDUgA==",
        "dependencies": {
          "System.Collections": "4.3.0",
          "System.Diagnostics.Debug": "4.3.0",
          "System.Globalization": "4.3.0",
          "System.IO": "4.3.0",
          "System.Linq": "4.3.0",
          "System.ObjectModel": "4.3.0",
          "System.Reflection": "4.3.0",
          "System.Reflection.Emit": "4.3.0",
          "System.Reflection.Emit.ILGeneration": "4.3.0",
          "System.Reflection.Emit.Lightweight": "4.3.0",
          "System.Reflection.Extensions": "4.3.0",
          "System.Reflection.Primitives": "4.3.0",
          "System.Reflection.TypeExtensions": "4.3.0",
          "System.Resources.ResourceManager": "4.3.0",
          "System.Runtime": "4.3.0",
          "System.Runtime.Extensions": "4.3.0",
          "System.Threading": "4.3.0"
        }
      },
      "System.Memory": {
        "type": "Direct",
        "requested": "[4.5.2, )",
        "resolved": "4.5.2",
        "contentHash": "fvq1GNmUFwbKv+aLVYYdgu/+gc8Nu9oFujOxIjPrsf+meis9JBzTPDL6aP/eeGOz9yPj6rRLUbOjKMpsMEWpNg==",
        "dependencies": {
          "System.Buffers": "4.4.0",
          "System.Numerics.Vectors": "4.4.0",
          "System.Runtime.CompilerServices.Unsafe": "4.5.2"
        }
      },
      "System.Numerics.Vectors": {
        "type": "Direct",
        "requested": "[4.5.0, )",
        "resolved": "4.5.0",
        "contentHash": "lc93W6KBRPP7I35GvBOu6znbphZFLkhHTgdKw0Kquo9BZ77qdpacbYRTapB4M0wvVUaiW/qzKQ04BW67/a7x4w=="
      },
      "System.ObjectModel": {
        "type": "Direct",
        "requested": "[4.3.0, )",
        "resolved": "4.3.0",
        "contentHash": "ngJSJCJqharmNAW9rI20HNivfd1m+BUZZjqpmt/3O1igmxehxVj97rdfZcy7TXllcOVaOfbYP/VsuKKMvHYXnA==",
        "dependencies": {
          "System.Collections": "4.3.0",
          "System.Diagnostics.Debug": "4.3.0",
          "System.Resources.ResourceManager": "4.3.0",
          "System.Runtime": "4.3.0",
          "System.Threading": "4.3.0"
        }
      },
      "System.Reflection": {
        "type": "Direct",
        "requested": "[4.3.0, )",
        "resolved": "4.3.0",
        "contentHash": "5IjqaednZYFaoqzz/+YVoK2AzUgX2cHbKbCyzGQlfgOnRbiwOp+Mst6XgNNjargowN0ZhAScrt7w0dKOcD0bmg==",
        "dependencies": {
          "Microsoft.NETCore.Platforms": "1.1.0",
          "Microsoft.NETCore.Targets": "1.1.0",
          "System.IO": "4.3.0",
          "System.Reflection.Primitives": "4.3.0",
          "System.Runtime": "4.3.0"
        }
      },
      "System.Reflection.Emit": {
        "type": "Direct",
        "requested": "[4.3.0, )",
        "resolved": "4.3.0",
        "contentHash": "EZoaxu4o6iLTFzArWrMji3+XsJXwo5PiGNRSi5/3zDoYQuUXn/e/floRYcY8u5UUfiDCV8oXxasEs7a17F99Vw==",
        "dependencies": {
          "System.IO": "4.3.0",
          "System.Reflection": "4.3.0",
          "System.Reflection.Emit.ILGeneration": "4.3.0",
          "System.Reflection.Primitives": "4.3.0",
          "System.Runtime": "4.3.0"
        }
      },
      "System.Reflection.Emit.ILGeneration": {
        "type": "Direct",
        "requested": "[4.3.0, )",
        "resolved": "4.3.0",
        "contentHash": "GXtg7MoW9pNdri2+WfBbt9oJFFra+/LIrovSk2KfnAXUmRuAou6Rn1q+Q92HOVTolre2Od4QkMjLb54PjgTHhA==",
        "dependencies": {
          "System.Reflection": "4.3.0",
          "System.Reflection.Primitives": "4.3.0",
          "System.Runtime": "4.3.0"
        }
      },
      "System.Reflection.Emit.Lightweight": {
        "type": "Direct",
        "requested": "[4.3.0, )",
        "resolved": "4.3.0",
        "contentHash": "OXf5uM2wpsgHDBDoutqIvkP6E4R1c9HP7GYTqwWBtd8SFSeLNHGa76nm0wtfyyFoMyi5ifVNyU7elOhs9vc+Qg==",
        "dependencies": {
          "System.Reflection": "4.3.0",
          "System.Reflection.Emit.ILGeneration": "4.3.0",
          "System.Reflection.Primitives": "4.3.0",
          "System.Runtime": "4.3.0"
        }
      },
      "System.Reflection.Extensions": {
        "type": "Direct",
        "requested": "[4.3.0, )",
        "resolved": "4.3.0",
        "contentHash": "Cycii9Thq6T6msEewnOZFXRGOkZRyQng0SuVAPgdpuklyzOUfy9M63GSYPFqYG2AjUFXMEjYu+brrFDRihPoZw==",
        "dependencies": {
          "Microsoft.NETCore.Platforms": "1.1.0",
          "Microsoft.NETCore.Targets": "1.1.0",
          "System.Reflection": "4.3.0",
          "System.Runtime": "4.3.0"
        }
      },
      "System.Reflection.Metadata": {
        "type": "Direct",
        "requested": "[1.6.0, )",
        "resolved": "1.6.0",
        "contentHash": "eWu/FMkWqbKVMzeyeaS8c4NOnpo73IEq/1YmNOr3QQPS7RNgWi3UQCFUvBGm07JlaaoBSeJg4Ef85YadUa6RuA==",
        "dependencies": {
          "System.Collections.Immutable": "1.5.0"
        }
      },
      "System.Reflection.Primitives": {
        "type": "Direct",
        "requested": "[4.3.0, )",
        "resolved": "4.3.0",
        "contentHash": "3YJ0TWfL+gHs9MGTcEb0GyWm3HutAPZSDoVXX6iBXw44wgK5zmVOzT8XxHuYT1OJdHGwUYP74ntsL3sQhtuplA==",
        "dependencies": {
          "Microsoft.NETCore.Platforms": "1.1.0",
          "Microsoft.NETCore.Targets": "1.1.0",
          "System.Runtime": "4.3.0"
        }
      },
      "System.Reflection.TypeExtensions": {
        "type": "Direct",
        "requested": "[4.5.1, )",
        "resolved": "4.5.1",
        "contentHash": "fO8GMEkgoKioJ7cglZbhcnBgkCWWn9poS3G2jevS+fuwW9xJXMx7/1kr7dkwOJfo0pWqxLFWVcxlOr+WeK5ipA=="
      },
      "System.Resources.ResourceManager": {
        "type": "Direct",
        "requested": "[4.3.0, )",
        "resolved": "4.3.0",
        "contentHash": "qQaaaOHyjlCIJydiRqsj4rlGmd1LA6RV0swX7B5JFyO8u02PajUJTdxfgliNbptdI33+TdFUr08x9sJ2i7fWFQ==",
        "dependencies": {
          "Microsoft.NETCore.Platforms": "1.1.0",
          "Microsoft.NETCore.Targets": "1.1.0",
          "System.Globalization": "4.3.0",
          "System.Reflection": "4.3.0",
          "System.Runtime": "4.3.0"
        }
      },
      "System.Runtime": {
        "type": "Direct",
        "requested": "[4.3.1, )",
        "resolved": "4.3.1",
        "contentHash": "abhfv1dTK6NXOmu4bgHIONxHyEqFjW8HwXPmpY9gmll+ix9UNo4XDcmzJn6oLooftxNssVHdJC1pGT9jkSynQg==",
        "dependencies": {
          "Microsoft.NETCore.Platforms": "1.1.1",
          "Microsoft.NETCore.Targets": "1.1.3"
        }
      },
      "System.Runtime.CompilerServices.Unsafe": {
        "type": "Direct",
        "requested": "[4.5.2, )",
        "resolved": "4.5.2",
        "contentHash": "wprSFgext8cwqymChhrBLu62LMg/1u92bU+VOwyfBimSPVFXtsNqEWC92Pf9ofzJFlk4IHmJA75EDJn1b2goAQ=="
      },
      "System.Runtime.Extensions": {
        "type": "Direct",
        "requested": "[4.3.1, )",
        "resolved": "4.3.1",
        "contentHash": "qAtKMcHOAq9/zKkl0dwvF0T0pmgCQxX1rC49rJXoU8jq+lw6MC3uXy7nLFmjEI20T3Aq069eWz4LcYR64vEmJw==",
        "dependencies": {
          "Microsoft.NETCore.Platforms": "1.1.1",
          "Microsoft.NETCore.Targets": "1.1.3",
          "System.Runtime": "4.3.1"
        }
      },
      "System.Runtime.Handles": {
        "type": "Direct",
        "requested": "[4.3.0, )",
        "resolved": "4.3.0",
        "contentHash": "rzEgKUS2b46Qen/DDUUD/jRISHpU/lqDqt3PUas+k4PHOjN+RsnhBtVnKwGVx8DijPSW845ns1Z/ze5JAlOOeg==",
        "dependencies": {
          "Microsoft.NETCore.Platforms": "1.1.0",
          "Microsoft.NETCore.Targets": "1.1.0",
          "System.Runtime": "4.3.0"
        }
      },
      "System.Runtime.InteropServices": {
        "type": "Direct",
        "requested": "[4.3.0, )",
        "resolved": "4.3.0",
        "contentHash": "yNsRYpaq1oKbPORPxQcalCGZacOOEKiJx4nj8nt9BblhT1LrFbIJAgn5cZhLgaDQjzbZSm3ycOIWAqfJhN4aaA==",
        "dependencies": {
          "Microsoft.NETCore.Platforms": "1.1.0",
          "Microsoft.NETCore.Targets": "1.1.0",
          "System.Reflection": "4.3.0",
          "System.Reflection.Primitives": "4.3.0",
          "System.Runtime": "4.3.0",
          "System.Runtime.Handles": "4.3.0"
        }
      },
      "System.Runtime.InteropServices.RuntimeInformation": {
        "type": "Direct",
        "requested": "[4.3.0, )",
        "resolved": "4.3.0",
        "contentHash": "VQLrXSYWSqqt9InU674QwRNAsTHUsjBd8ucfpR5GS89BKOb9y6E54XHQ5NOQRRy1Br4CV8AX/pQKJwp208kLrw==",
        "dependencies": {
          "System.Reflection": "4.3.0",
          "System.Reflection.Extensions": "4.3.0",
          "System.Resources.ResourceManager": "4.3.0",
          "System.Runtime": "4.3.0",
          "System.Runtime.InteropServices": "4.3.0",
          "System.Threading": "4.3.0",
          "runtime.native.System": "4.3.0"
        }
      },
      "System.Text.Encoding": {
        "type": "Direct",
        "requested": "[4.3.0, )",
        "resolved": "4.3.0",
        "contentHash": "wmz/1B5AVQa/5L5pv0pVucMFLpJp5VBf0XgdQfI7vY5ZV3rWQm5xSZzVqe+RFfklOIVig2M02DLwIruPYOd7nA==",
        "dependencies": {
          "Microsoft.NETCore.Platforms": "1.1.0",
          "Microsoft.NETCore.Targets": "1.1.0",
          "System.Runtime": "4.3.0"
        }
      },
      "System.Text.Encodings.Web": {
        "type": "Direct",
        "requested": "[4.5.0, )",
        "resolved": "4.5.0",
        "contentHash": "oDAUojOtTkrXT5wKL312XMDYdVxi2RPO6uk7XbsWPhxuUz4GSgUhkjCW56j9qA27CqULhfiKJqjK4Ey0JQ+CBA=="
      },
      "System.Threading": {
        "type": "Direct",
        "requested": "[4.3.0, )",
        "resolved": "4.3.0",
        "contentHash": "mEn0Lvw+/+zf9fe5YuPi/VPCMPu8fF6x+bMMFVtNIs+xgOg/0SdYaXMM6YeZYJW2JLCJzabcfwaf2J2fnBLUlA==",
        "dependencies": {
          "System.Runtime": "4.3.0",
          "System.Threading.Tasks": "4.3.0"
        }
      },
      "System.Threading.Tasks": {
        "type": "Direct",
        "requested": "[4.3.0, )",
        "resolved": "4.3.0",
        "contentHash": "tlN/PS3/ye3PSdZNZNnps09bssLGDP3sfXodrmDASSSAoqOYVmrR4ezs4gzOZeOEaw09J0vjBAU/xGiVFvpQiQ==",
        "dependencies": {
          "Microsoft.NETCore.Platforms": "1.1.0",
          "Microsoft.NETCore.Targets": "1.1.0",
          "System.Runtime": "4.3.0"
        }
      },
      "System.Threading.Tasks.Extensions": {
        "type": "Direct",
        "requested": "[4.5.2, )",
        "resolved": "4.5.2",
        "contentHash": "BG/TNxDFv0svAzx8OiMXDlsHfGw623BZ8tCXw4YLhDFDvDhNUEV58jKYMGRnkbJNm7c3JNNJDiN7JBMzxRBR2w==",
        "dependencies": {
          "System.Runtime.CompilerServices.Unsafe": "4.5.2"
        }
      }
    },
    ".NETStandard,Version=v2.0/debian.8-x64": {
      "System.Runtime.InteropServices.RuntimeInformation": {
        "type": "Direct",
        "requested": "[4.3.0, )",
        "resolved": "4.3.0",
        "contentHash": "VQLrXSYWSqqt9InU674QwRNAsTHUsjBd8ucfpR5GS89BKOb9y6E54XHQ5NOQRRy1Br4CV8AX/pQKJwp208kLrw==",
        "dependencies": {
          "System.Reflection": "4.3.0",
          "System.Reflection.Extensions": "4.3.0",
          "System.Resources.ResourceManager": "4.3.0",
          "System.Runtime": "4.3.0",
          "System.Runtime.InteropServices": "4.3.0",
          "System.Threading": "4.3.0",
          "runtime.native.System": "4.3.0"
        }
      }
    },
    ".NETStandard,Version=v2.0/win10-x64": {
      "System.Runtime.InteropServices.RuntimeInformation": {
        "type": "Direct",
        "requested": "[4.3.0, )",
        "resolved": "4.3.0",
        "contentHash": "VQLrXSYWSqqt9InU674QwRNAsTHUsjBd8ucfpR5GS89BKOb9y6E54XHQ5NOQRRy1Br4CV8AX/pQKJwp208kLrw==",
        "dependencies": {
          "System.Reflection": "4.3.0",
          "System.Reflection.Extensions": "4.3.0",
          "System.Resources.ResourceManager": "4.3.0",
          "System.Runtime": "4.3.0",
          "System.Runtime.InteropServices": "4.3.0",
          "System.Threading": "4.3.0",
          "runtime.native.System": "4.3.0"
        }
      }
    }
  }
}