{
  "version": 1,
  "dependencies": {
    ".NETCoreApp,Version=v3.0": {
      "Microsoft.Extensions.StackTrace.Sources": {
        "type": "Direct",
        "requested": "[3.0.0-*, )",
        "resolved": "3.0.0-preview-181114-06",
        "contentHash": "XUK8B8VPAVoUaf3JJQqhoy1+/O6NQCb0Gq2CEOat4I0oDAtbjxmwGssziFbaLgyM3dRur0C99SQ1nzv/R64t3g=="
      },
      "Microsoft.Extensions.TypeNameHelper.Sources": {
        "type": "Direct",
        "requested": "[3.0.0-*, )",
        "resolved": "3.0.0-preview6.19253.5",
        "contentHash": "ags2ep6dGufpA2yCGXevYJY9SZsnLFuFcwmMa64C1qljfHjxOfzr3xS2e6o70fTG5Zi6A+P2r5Ecjdehk8wWCg=="
      },
      "Microsoft.SourceLink.GitHub": {
        "type": "Direct",
        "requested": "[1.0.0-beta2-18618-05, )",
        "resolved": "1.0.0-beta2-18618-05",
        "contentHash": "7cQMyVdud/ritrYqgc99LecTC0g9rA2QhO1QFi6OBubsA++gMXRiXx/ct1rmycxM9EvHJSNZ9DHbZHu42RLMLQ==",
        "dependencies": {
          "Microsoft.Build.Tasks.Git": "1.0.0-beta2-18618-05",
          "Microsoft.SourceLink.Common": "1.0.0-beta2-18618-05"
        }
      },
      "System.Reflection.Metadata": {
        "type": "Direct",
        "requested": "[1.6.0, )",
        "resolved": "1.6.0",
        "contentHash": "I4aWCii7N1bmn43vviRfJQYW6UAco1G/CcjJouvgGdb/sr2BRTSnddhaPMg2oxu9VHFn8T1z3dTLq0pna8zmtA=="
      },
      "Microsoft.Build.Tasks.Git": {
        "type": "Transitive",
        "resolved": "1.0.0-beta2-18618-05",
        "contentHash": "kcnqXhm6lxU8UFtpVO8enW7L8Gisw05bI46B3cWlW7K1dgGPb4hAyfiGyGczYOU6n4RtHO9CCfh0Lk74qkbF6w=="
      },
      "Microsoft.SourceLink.Common": {
        "type": "Transitive",
        "resolved": "1.0.0-beta2-18618-05",
        "contentHash": "eJP4JUDOiiWPBvwN+/0v1otoT8VPFOm6upABUAS6TwFbLfjRiLI2Ko44gyxF0nW+uMQHx186tnTDt+fg7je97Q=="
      }
    },
    ".NETStandard,Version=v2.0": {
      "Microsoft.AspNetCore.Mvc.Core": {
        "type": "Direct",
        "requested": "[2.1.3, )",
        "resolved": "2.1.3",
        "contentHash": "xJyR82MBhtJjo1f0SfGtgVRFM2kLVVgmf1khk/W7IkxI5GIin+nhHjWCHLAGrjbbOOrbRfl+pXcYcA0UPlyRsA==",
        "dependencies": {
          "Microsoft.AspNetCore.Authentication.Core": "2.1.1",
          "Microsoft.AspNetCore.Authorization.Policy": "2.1.1",
          "Microsoft.AspNetCore.Hosting.Abstractions": "2.1.1",
          "Microsoft.AspNetCore.Http": "2.1.1",
          "Microsoft.AspNetCore.Http.Extensions": "2.1.1",
          "Microsoft.AspNetCore.Mvc.Abstractions": "2.1.3",
          "Microsoft.AspNetCore.ResponseCaching.Abstractions": "2.1.1",
          "Microsoft.AspNetCore.Routing": "2.1.1",
          "Microsoft.Extensions.DependencyInjection": "2.1.1",
          "Microsoft.Extensions.DependencyModel": "2.1.0",
          "Microsoft.Extensions.FileProviders.Abstractions": "2.1.1",
          "Microsoft.Extensions.Logging.Abstractions": "2.1.1",
          "System.Diagnostics.DiagnosticSource": "4.5.1",
          "System.Threading.Tasks.Extensions": "4.5.1"
        }
      },
      "Microsoft.Extensions.StackTrace.Sources": {
        "type": "Direct",
        "requested": "[3.0.0-*, )",
        "resolved": "3.0.0-preview-181114-06",
        "contentHash": "XUK8B8VPAVoUaf3JJQqhoy1+/O6NQCb0Gq2CEOat4I0oDAtbjxmwGssziFbaLgyM3dRur0C99SQ1nzv/R64t3g=="
      },
      "Microsoft.Extensions.TypeNameHelper.Sources": {
        "type": "Direct",
        "requested": "[3.0.0-*, )",
        "resolved": "3.0.0-preview6.19253.5",
        "contentHash": "ags2ep6dGufpA2yCGXevYJY9SZsnLFuFcwmMa64C1qljfHjxOfzr3xS2e6o70fTG5Zi6A+P2r5Ecjdehk8wWCg=="
      },
      "Microsoft.SourceLink.GitHub": {
        "type": "Direct",
        "requested": "[1.0.0-beta2-18618-05, )",
        "resolved": "1.0.0-beta2-18618-05",
        "contentHash": "7cQMyVdud/ritrYqgc99LecTC0g9rA2QhO1QFi6OBubsA++gMXRiXx/ct1rmycxM9EvHJSNZ9DHbZHu42RLMLQ==",
        "dependencies": {
          "Microsoft.Build.Tasks.Git": "1.0.0-beta2-18618-05",
          "Microsoft.SourceLink.Common": "1.0.0-beta2-18618-05"
        }
      },
      "NETStandard.Library": {
        "type": "Direct",
        "requested": "[2.0.3, )",
        "resolved": "2.0.3",
        "contentHash": "st47PosZSHrjECdjeIzZQbzivYBJFv6P2nv4cj2ypdI204DO+vZ7l5raGMiX4eXMJ53RfOIg+/s4DHVZ54Nu2A==",
        "dependencies": {
          "Microsoft.NETCore.Platforms": "1.1.0"
        }
      },
      "System.Reflection.Metadata": {
        "type": "Direct",
        "requested": "[1.6.0, )",
        "resolved": "1.6.0",
        "contentHash": "I4aWCii7N1bmn43vviRfJQYW6UAco1G/CcjJouvgGdb/sr2BRTSnddhaPMg2oxu9VHFn8T1z3dTLq0pna8zmtA==",
        "dependencies": {
          "System.Collections.Immutable": "1.5.0"
        }
      },
      "Microsoft.AspNetCore.Authentication.Abstractions": {
        "type": "Transitive",
        "resolved": "2.1.1",
        "contentHash": "kl1yZmNeUMm9/kWtqoOvIATBavqHPwJICl0FA9rpvNqETqeTgakAbbY25TdG82wKKbjo4LpqZ0YCHwktNPaR2Q==",
        "dependencies": {
          "Microsoft.AspNetCore.Http.Abstractions": "2.1.1",
          "Microsoft.Extensions.Logging.Abstractions": "2.1.1",
          "Microsoft.Extensions.Options": "2.1.1"
        }
      },
      "Microsoft.AspNetCore.Authentication.Core": {
        "type": "Transitive",
        "resolved": "2.1.1",
        "contentHash": "ByFLOHBsurwkkaL2C1ytrYoX6t8BU8ceET6NL2odjtKqIdm3qKEL9MeTBAz6O0cKjLbTUBDWei9fokN4oNb6gw==",
        "dependencies": {
          "Microsoft.AspNetCore.Authentication.Abstractions": "2.1.1",
          "Microsoft.AspNetCore.Http": "2.1.1",
          "Microsoft.AspNetCore.Http.Extensions": "2.1.1"
        }
      },
      "Microsoft.AspNetCore.Authorization": {
        "type": "Transitive",
        "resolved": "2.1.1",
        "contentHash": "ZKcCFgXb7S35yFJY8N1AT5qCZ220kgQ4n/+/CVniuCSuKdGoodgXQCcdtieT0FX5zsOcPhB0XLZj4wh1g0HzmA==",
        "dependencies": {
          "Microsoft.Extensions.Logging.Abstractions": "2.1.1",
          "Microsoft.Extensions.Options": "2.1.1"
        }
      },
      "Microsoft.AspNetCore.Authorization.Policy": {
        "type": "Transitive",
        "resolved": "2.1.1",
        "contentHash": "WcjYQatNiHh4DN4phCacXhFAhGmu1OD4QwFLplefZrbLEf8laNy8rB13OvWXiDG39e965FMzvYc2m5/FL5MkYA==",
        "dependencies": {
          "Microsoft.AspNetCore.Authentication.Abstractions": "2.1.1",
          "Microsoft.AspNetCore.Authorization": "2.1.1"
        }
      },
      "Microsoft.AspNetCore.Hosting.Abstractions": {
        "type": "Transitive",
        "resolved": "2.1.1",
        "contentHash": "UPAkIqzgBvMiPD++Vi6qtXEqzaShjGZkKciTIjpfpDhwxdGfsdm8tH7FHQmhvSKJR1VVO0hVYZBAFmsmBzWeyg==",
        "dependencies": {
          "Microsoft.AspNetCore.Hosting.Server.Abstractions": "2.1.1",
          "Microsoft.AspNetCore.Http.Abstractions": "2.1.1",
          "Microsoft.Extensions.Hosting.Abstractions": "2.1.1"
        }
      },
      "Microsoft.AspNetCore.Hosting.Server.Abstractions": {
        "type": "Transitive",
        "resolved": "2.1.1",
        "contentHash": "Iufe341FO3BIfSizJYWuluL7VL7klV8RpKCHMschuynu1ssKaErzFauqsvZusKUa5CiMLVienCVLQRHbEYRtgw==",
        "dependencies": {
          "Microsoft.AspNetCore.Http.Features": "2.1.1",
          "Microsoft.Extensions.Configuration.Abstractions": "2.1.1"
        }
      },
      "Microsoft.AspNetCore.Http": {
        "type": "Transitive",
        "resolved": "2.1.1",
        "contentHash": "u8Fmky/nirrxOU1gBGh97J5gPoniWDc1QiT+J0EFuXJWcFo3BgPGiv7RLvYCi89QpLgIt5CkkPqTkPnWz0eaSA==",
        "dependencies": {
          "Microsoft.AspNetCore.Http.Abstractions": "2.1.1",
          "Microsoft.AspNetCore.WebUtilities": "2.1.1",
          "Microsoft.Extensions.ObjectPool": "2.1.1",
          "Microsoft.Extensions.Options": "2.1.1",
          "Microsoft.Net.Http.Headers": "2.1.1"
        }
      },
      "Microsoft.AspNetCore.Http.Abstractions": {
        "type": "Transitive",
        "resolved": "2.1.1",
        "contentHash": "4m4tS4xlHlFWeYLcdeg82k+gK3lDxKBRdbb8GflXUL8+RJbhluour/2yYEqElWdY5iV7SnAk7U6c5PwSXG8ZEA==",
        "dependencies": {
          "Microsoft.AspNetCore.Http.Features": "2.1.1",
          "System.Text.Encodings.Web": "4.5.0"
        }
      },
      "Microsoft.AspNetCore.Http.Extensions": {
        "type": "Transitive",
        "resolved": "2.1.1",
        "contentHash": "im21IFTHjWuP+3T/7kiyKslOXxgsOSCZpr17OvYpZaiZ1fQ60+9ePrYzO8EkozbAfOpaon1NoFYVygr7KhFmUA==",
        "dependencies": {
          "Microsoft.AspNetCore.Http.Abstractions": "2.1.1",
          "Microsoft.Extensions.FileProviders.Abstractions": "2.1.1",
          "Microsoft.Net.Http.Headers": "2.1.1",
          "System.Buffers": "4.5.0"
        }
      },
      "Microsoft.AspNetCore.Http.Features": {
        "type": "Transitive",
        "resolved": "2.1.1",
        "contentHash": "PZUv3wvyax3Gi2DzpmtclX3cxsk3trXBzeGEiMDFsKoJ+EC0h2O8t0gwevYZwDuHpn+9ZGYJDuP5ub4Trh8MsA==",
        "dependencies": {
          "Microsoft.Extensions.Primitives": "2.1.1"
        }
      },
      "Microsoft.AspNetCore.Mvc.Abstractions": {
        "type": "Transitive",
        "resolved": "2.1.3",
        "contentHash": "oYPVXotWb/Yk1j7153/f9dvosrCKqxv/KJYIiib0GO5kLx8q/FEo+DHdGmDqMkpav+l47ED951rWLdYcqy2MaA==",
        "dependencies": {
          "Microsoft.AspNetCore.Routing.Abstractions": "2.1.1",
          "Microsoft.Net.Http.Headers": "2.1.1"
        }
      },
      "Microsoft.AspNetCore.ResponseCaching.Abstractions": {
        "type": "Transitive",
        "resolved": "2.1.1",
        "contentHash": "oU7Kj0C/wqoQhle5nYEqo4H/E6l8C3ETldROdE5Euj67uCA4pe414RuBP5WX8Vf6XALboA2h8wIPxR8Rmhhshg==",
        "dependencies": {
          "Microsoft.Extensions.Primitives": "2.1.1"
        }
      },
      "Microsoft.AspNetCore.Routing": {
        "type": "Transitive",
        "resolved": "2.1.1",
        "contentHash": "7+vU/K4V9SNwXCbKFbzALn/iCVIGFM7tnBEfnIktBXAn6zcm511nhaLqE6VZ8hV3aTRcRYHuCj8KEBQ6zT6vdw==",
        "dependencies": {
          "Microsoft.AspNetCore.Http.Extensions": "2.1.1",
          "Microsoft.AspNetCore.Routing.Abstractions": "2.1.1",
          "Microsoft.Extensions.Logging.Abstractions": "2.1.1",
          "Microsoft.Extensions.ObjectPool": "2.1.1",
          "Microsoft.Extensions.Options": "2.1.1"
        }
      },
      "Microsoft.AspNetCore.Routing.Abstractions": {
        "type": "Transitive",
        "resolved": "2.1.1",
        "contentHash": "cEtcs4wODDSiMnwKCZG0wmrAtfanQ1AZcv2EFLEk0+slrN0eeXjFcUezWKNamkhZusauPBxQGXj5DBmk7khrLQ==",
        "dependencies": {
          "Microsoft.AspNetCore.Http.Abstractions": "2.1.1"
        }
      },
      "Microsoft.AspNetCore.WebUtilities": {
        "type": "Transitive",
        "resolved": "2.1.1",
        "contentHash": "gvCdObgQDLdZ9enyFQuPb3Rae6QyzZAPgHiv5JhYjORLMW1UNgWXvdqLov6iGtnyG+BBCavPooW9ScWGQCJHLg==",
        "dependencies": {
          "Microsoft.Net.Http.Headers": "2.1.1",
          "System.Text.Encodings.Web": "4.5.0"
        }
      },
      "Microsoft.Build.Tasks.Git": {
        "type": "Transitive",
        "resolved": "1.0.0-beta2-18618-05",
        "contentHash": "kcnqXhm6lxU8UFtpVO8enW7L8Gisw05bI46B3cWlW7K1dgGPb4hAyfiGyGczYOU6n4RtHO9CCfh0Lk74qkbF6w=="
      },
      "Microsoft.CSharp": {
        "type": "Transitive",
        "resolved": "4.0.1",
        "contentHash": "wOdakWLyi6TEVyyPrE/UyMl9bTUFo3aDZGul9+X2rA2mnVIA0mRgVN6Q6OCPiToQ5RRZG2m4JzZAhCss+Qvd7A==",
        "dependencies": {
          "System.Collections": "4.0.11",
          "System.Diagnostics.Debug": "4.0.11",
          "System.Dynamic.Runtime": "4.0.11",
          "System.Globalization": "4.0.11",
          "System.Linq": "4.1.0",
          "System.Linq.Expressions": "4.1.0",
          "System.ObjectModel": "4.0.12",
          "System.Reflection": "4.1.0",
          "System.Reflection.Extensions": "4.0.1",
          "System.Reflection.Primitives": "4.0.1",
          "System.Reflection.TypeExtensions": "4.1.0",
          "System.Resources.ResourceManager": "4.0.1",
          "System.Runtime": "4.1.0",
          "System.Runtime.Extensions": "4.1.0",
          "System.Runtime.InteropServices": "4.1.0",
          "System.Threading": "4.0.11"
        }
      },
      "Microsoft.DotNet.PlatformAbstractions": {
        "type": "Transitive",
        "resolved": "2.1.0",
        "contentHash": "ae/c3pX6vhCs17caUrVZrb8n9gDTzr6usnZKZEHla7uy7ZcjQLfm09gS7m+IneVtmGwXm5hcSDa5qwqwLaH2Ug==",
        "dependencies": {
          "System.AppContext": "4.1.0",
          "System.Collections": "4.0.11",
          "System.IO": "4.1.0",
          "System.IO.FileSystem": "4.0.1",
          "System.Reflection.TypeExtensions": "4.1.0",
          "System.Runtime.Extensions": "4.1.0",
          "System.Runtime.InteropServices": "4.1.0",
          "System.Runtime.InteropServices.RuntimeInformation": "4.0.0"
        }
      },
      "Microsoft.Extensions.Configuration.Abstractions": {
        "type": "Transitive",
        "resolved": "2.1.1",
        "contentHash": "9EMhOWU2eOQOtMIJ+vfwKJpnLRc1Wl3vXu8qXeevA91cSY4j3WvArmF7ApGtJwa7yKewJTvlQlBSn9OSnLFg6Q==",
        "dependencies": {
          "Microsoft.Extensions.Primitives": "2.1.1"
        }
      },
      "Microsoft.Extensions.DependencyInjection": {
        "type": "Transitive",
        "resolved": "2.1.1",
        "contentHash": "ZPFcDUbSwaEVWMyef8+9GqiTAghHX+eLeIEW032i4LDFAdyM4J4brV0UzChlKtClT7cuip/Of6G+veDnO3/bCw==",
        "dependencies": {
          "Microsoft.Extensions.DependencyInjection.Abstractions": "2.1.1"
        }
      },
      "Microsoft.Extensions.DependencyInjection.Abstractions": {
        "type": "Transitive",
        "resolved": "2.1.1",
        "contentHash": "PW1596sF97gpIc1JuUuYvTmeLfeqC5whbWPsWgJhN0fdwz683him3b/HB0dqhFesVssOjnnA0fEz4+S0gUeBqA=="
      },
      "Microsoft.Extensions.DependencyModel": {
        "type": "Transitive",
        "resolved": "2.1.0",
        "contentHash": "DALND2qA8s/r4jaYMk/3PGa16Qu03iskAzKG62UQKNIN4AueepuuYGydoWScbjxz/TA9AnDAOXRkRuLMYRhzYw==",
        "dependencies": {
          "Microsoft.DotNet.PlatformAbstractions": "2.1.0",
          "Newtonsoft.Json": "9.0.1",
          "System.Diagnostics.Debug": "4.0.11",
          "System.Dynamic.Runtime": "4.0.11",
          "System.Linq": "4.1.0"
        }
      },
      "Microsoft.Extensions.FileProviders.Abstractions": {
        "type": "Transitive",
        "resolved": "2.1.1",
        "contentHash": "qOJP+VAlXDeMQSJ6iflW62bEsN3S1NJIPHmhKFA9L37yU+jce2wbwesA7sDe9WdJ8+SoKtLnHPUxvOyQrAcRCA==",
        "dependencies": {
          "Microsoft.Extensions.Primitives": "2.1.1"
        }
      },
      "Microsoft.Extensions.Hosting.Abstractions": {
        "type": "Transitive",
        "resolved": "2.1.1",
        "contentHash": "v7mPlJ68Dsev9gn6w5tJJZI798r6gCmwKBv0pwJ5PunLEITYjrv1+QJ/wYkp7KuRcr8VRUML8mJg/mgUjgHggA==",
        "dependencies": {
          "Microsoft.Extensions.Configuration.Abstractions": "2.1.1",
          "Microsoft.Extensions.DependencyInjection.Abstractions": "2.1.1",
          "Microsoft.Extensions.FileProviders.Abstractions": "2.1.1",
          "Microsoft.Extensions.Logging.Abstractions": "2.1.1"
        }
      },
      "Microsoft.Extensions.Logging.Abstractions": {
        "type": "Transitive",
        "resolved": "2.1.1",
        "contentHash": "QWFWKrdeoDSEr8nVJaBAVDMj24wnh9clGzDNmMdgHHRsOIwTUMeh4XljeZXJhIKPT00jWuzwEzn3uNxOtO4cYg=="
      },
      "Microsoft.Extensions.ObjectPool": {
        "type": "Transitive",
        "resolved": "2.1.1",
        "contentHash": "FE4JmV6FEZdmqSKqvld5TRnvHfJfrw9QzvvZlAiTn+FCiq/1ZaQDpcYBRH7dMHFWIsYD6Z2UTsufdbCGznox8g=="
      },
      "Microsoft.Extensions.Options": {
        "type": "Transitive",
        "resolved": "2.1.1",
        "contentHash": "j0zOfTt1Qm+JDW2m+6Q/aj1m4C8+onudUu4ls/fN69VxruZkMWmX1bPKkbkYIPNNxJsf4k7FOkVq5o1vEFq9pQ==",
        "dependencies": {
          "Microsoft.Extensions.DependencyInjection.Abstractions": "2.1.1",
          "Microsoft.Extensions.Primitives": "2.1.1"
        }
      },
      "Microsoft.Extensions.Primitives": {
        "type": "Transitive",
        "resolved": "2.1.1",
        "contentHash": "Svz25/egj1TsNL4118jyMqkhDiu0l8QYWq2p52P4BBN0GbqwR18ZRIctSP5TTDJy0m0EFC8aB2FOVjGtvEGWSA==",
        "dependencies": {
          "System.Memory": "4.5.1",
          "System.Runtime.CompilerServices.Unsafe": "4.5.1"
        }
      },
      "Microsoft.Net.Http.Headers": {
        "type": "Transitive",
        "resolved": "2.1.1",
        "contentHash": "tNh1YCfZ943/d3WSE6cD57O05rhvi3lmKgwoi3zFg4wc/O/oec5FNHZmBCRau4GfzRC5zS/CBdOAkRwbvtZSaQ==",
        "dependencies": {
          "Microsoft.Extensions.Primitives": "2.1.1",
          "System.Buffers": "4.5.0"
        }
      },
      "Microsoft.NETCore.Platforms": {
        "type": "Transitive",
        "resolved": "1.1.0",
        "contentHash": "a/iSwnRZb+LHFk49hQOyThh/ZNC3vsbZsF65XwQIb863qF6msmhdQtxGXFL28Ob2NsCz/drEj28BJd/YPpLRBg=="
      },
      "Microsoft.NETCore.Targets": {
        "type": "Transitive",
        "resolved": "1.0.1",
        "contentHash": "btjnX5RaGGUQZv6e4xz2yCV6WXQ0D+TSYkOJA8SVmkefSlFaTROJ5tPTqzTwmjx7wgCaraLop/aXtmVagtO/yQ=="
      },
      "Microsoft.SourceLink.Common": {
        "type": "Transitive",
        "resolved": "1.0.0-beta2-18618-05",
        "contentHash": "eJP4JUDOiiWPBvwN+/0v1otoT8VPFOm6upABUAS6TwFbLfjRiLI2Ko44gyxF0nW+uMQHx186tnTDt+fg7je97Q=="
      },
      "Newtonsoft.Json": {
        "type": "Transitive",
        "resolved": "9.0.1",
        "contentHash": "2okXpTRwUcgQb06put5LwwCjtgoFo74zkPksjcvOpnIjx7TagGW5IoBCAA4luZx1+tfiIhoNqoiI7Y7zwWGyKA==",
        "dependencies": {
          "Microsoft.CSharp": "4.0.1",
          "System.Collections": "4.0.11",
          "System.Diagnostics.Debug": "4.0.11",
          "System.Dynamic.Runtime": "4.0.11",
          "System.Globalization": "4.0.11",
          "System.IO": "4.1.0",
          "System.Linq": "4.1.0",
          "System.Linq.Expressions": "4.1.0",
          "System.ObjectModel": "4.0.12",
          "System.Reflection": "4.1.0",
          "System.Reflection.Extensions": "4.0.1",
          "System.Resources.ResourceManager": "4.0.1",
          "System.Runtime": "4.1.0",
          "System.Runtime.Extensions": "4.1.0",
          "System.Runtime.Serialization.Primitives": "4.1.1",
          "System.Text.Encoding": "4.0.11",
          "System.Text.Encoding.Extensions": "4.0.11",
          "System.Text.RegularExpressions": "4.1.0",
          "System.Threading": "4.0.11",
          "System.Threading.Tasks": "4.0.11",
          "System.Xml.ReaderWriter": "4.0.11",
          "System.Xml.XDocument": "4.0.11"
        }
      },
      "runtime.native.System": {
        "type": "Transitive",
        "resolved": "4.0.0",
        "contentHash": "Vf8+r6QG7D2OM9i+RNDQY1LOdGq//ewTeHFrJ11jThM/wbxW/DEr8Nkh78WejeSsgRAizDSnf8Hxq8mCyTGTKw==",
        "dependencies": {
          "Microsoft.NETCore.Platforms": "1.0.1",
          "Microsoft.NETCore.Targets": "1.0.1"
        }
      },
      "System.AppContext": {
        "type": "Transitive",
        "resolved": "4.1.0",
        "contentHash": "3QjO4jNV7PdKkmQAVp9atA+usVnKRwI3Kx1nMwJ93T0LcQfx7pKAYk0nKz5wn1oP5iqlhZuy6RXOFdhr7rDwow==",
        "dependencies": {
          "System.Runtime": "4.1.0"
        }
      },
      "System.Buffers": {
        "type": "Transitive",
        "resolved": "4.5.0",
        "contentHash": "09yL/QiPEDZI9JLg0R0OcGe/0ycFm69QN16DCvXkqkIorCC1Y2EKwk5KvSlfMmGse+LcKkD3H+Cra7fFkxHXEg=="
      },
      "System.Collections": {
        "type": "Transitive",
        "resolved": "4.0.11",
        "contentHash": "YUJGz6eFKqS0V//mLt25vFGrrCvOnsXjlvFQs+KimpwNxug9x0Pzy4PlFMU3Q2IzqAa9G2L4LsK3+9vCBK7oTg==",
        "dependencies": {
          "Microsoft.NETCore.Platforms": "1.0.1",
          "Microsoft.NETCore.Targets": "1.0.1",
          "System.Runtime": "4.1.0"
        }
      },
      "System.Collections.Immutable": {
        "type": "Transitive",
        "resolved": "1.5.0",
        "contentHash": "erLSnZLBCA8EKIE2bKtXynjWBWSoMlmCFrOOYN+sPKCeYd3oGj9h8hqRPODtsRlPANkOW7L8tEQlEadHbUXC6A=="
      },
      "System.Diagnostics.Debug": {
        "type": "Transitive",
        "resolved": "4.0.11",
        "contentHash": "w5U95fVKHY4G8ASs/K5iK3J5LY+/dLFd4vKejsnI/ZhBsWS9hQakfx3Zr7lRWKg4tAw9r4iktyvsTagWkqYCiw==",
        "dependencies": {
          "Microsoft.NETCore.Platforms": "1.0.1",
          "Microsoft.NETCore.Targets": "1.0.1",
          "System.Runtime": "4.1.0"
        }
      },
      "System.Diagnostics.DiagnosticSource": {
        "type": "Transitive",
        "resolved": "4.5.1",
        "contentHash": "xTE2kXYcYJkpqqfRgPFkQAVlTK2Z1Q08oeDfF/+0MMrD8jbTXxmBSRO945/2WBN5PU9tjykgylKNoM3lI4R4Bg=="
      },
      "System.Diagnostics.Tools": {
        "type": "Transitive",
        "resolved": "4.0.1",
        "contentHash": "xBfJ8pnd4C17dWaC9FM6aShzbJcRNMChUMD42I6772KGGrqaFdumwhn9OdM68erj1ueNo3xdQ1EwiFjK5k8p0g==",
        "dependencies": {
          "Microsoft.NETCore.Platforms": "1.0.1",
          "Microsoft.NETCore.Targets": "1.0.1",
          "System.Runtime": "4.1.0"
        }
      },
      "System.Dynamic.Runtime": {
        "type": "Transitive",
        "resolved": "4.0.11",
        "contentHash": "db34f6LHYM0U0JpE+sOmjar27BnqTVkbLJhgfwMpTdgTigG/Hna3m2MYVwnFzGGKnEJk2UXFuoVTr8WUbU91/A==",
        "dependencies": {
          "System.Collections": "4.0.11",
          "System.Diagnostics.Debug": "4.0.11",
          "System.Globalization": "4.0.11",
          "System.Linq": "4.1.0",
          "System.Linq.Expressions": "4.1.0",
          "System.ObjectModel": "4.0.12",
          "System.Reflection": "4.1.0",
          "System.Reflection.Emit": "4.0.1",
          "System.Reflection.Emit.ILGeneration": "4.0.1",
          "System.Reflection.Primitives": "4.0.1",
          "System.Reflection.TypeExtensions": "4.1.0",
          "System.Resources.ResourceManager": "4.0.1",
          "System.Runtime": "4.1.0",
          "System.Runtime.Extensions": "4.1.0",
          "System.Threading": "4.0.11"
        }
      },
      "System.Globalization": {
        "type": "Transitive",
        "resolved": "4.0.11",
        "contentHash": "B95h0YLEL2oSnwF/XjqSWKnwKOy/01VWkNlsCeMTFJLLabflpGV26nK164eRs5GiaRSBGpOxQ3pKoSnnyZN5pg==",
        "dependencies": {
          "Microsoft.NETCore.Platforms": "1.0.1",
          "Microsoft.NETCore.Targets": "1.0.1",
          "System.Runtime": "4.1.0"
        }
      },
      "System.IO": {
        "type": "Transitive",
        "resolved": "4.1.0",
        "contentHash": "3KlTJceQc3gnGIaHZ7UBZO26SHL1SHE4ddrmiwumFnId+CEHP+O8r386tZKaE6zlk5/mF8vifMBzHj9SaXN+mQ==",
        "dependencies": {
          "Microsoft.NETCore.Platforms": "1.0.1",
          "Microsoft.NETCore.Targets": "1.0.1",
          "System.Runtime": "4.1.0",
          "System.Text.Encoding": "4.0.11",
          "System.Threading.Tasks": "4.0.11"
        }
      },
      "System.IO.FileSystem": {
        "type": "Transitive",
        "resolved": "4.0.1",
        "contentHash": "IBErlVq5jOggAD69bg1t0pJcHaDbJbWNUZTPI96fkYWzwYbN6D9wRHMULLDd9dHsl7C2YsxXL31LMfPI1SWt8w==",
        "dependencies": {
          "Microsoft.NETCore.Platforms": "1.0.1",
          "Microsoft.NETCore.Targets": "1.0.1",
          "System.IO": "4.1.0",
          "System.IO.FileSystem.Primitives": "4.0.1",
          "System.Runtime": "4.1.0",
          "System.Runtime.Handles": "4.0.1",
          "System.Text.Encoding": "4.0.11",
          "System.Threading.Tasks": "4.0.11"
        }
      },
      "System.IO.FileSystem.Primitives": {
        "type": "Transitive",
        "resolved": "4.0.1",
        "contentHash": "kWkKD203JJKxJeE74p8aF8y4Qc9r9WQx4C0cHzHPrY3fv/L/IhWnyCHaFJ3H1QPOH6A93whlQ2vG5nHlBDvzWQ==",
        "dependencies": {
          "System.Runtime": "4.1.0"
        }
      },
      "System.Linq": {
        "type": "Transitive",
        "resolved": "4.1.0",
        "contentHash": "bQ0iYFOQI0nuTnt+NQADns6ucV4DUvMdwN6CbkB1yj8i7arTGiTN5eok1kQwdnnNWSDZfIUySQY+J3d5KjWn0g==",
        "dependencies": {
          "System.Collections": "4.0.11",
          "System.Diagnostics.Debug": "4.0.11",
          "System.Resources.ResourceManager": "4.0.1",
          "System.Runtime": "4.1.0",
          "System.Runtime.Extensions": "4.1.0"
        }
      },
      "System.Linq.Expressions": {
        "type": "Transitive",
        "resolved": "4.1.0",
        "contentHash": "I+y02iqkgmCAyfbqOmSDOgqdZQ5tTj80Akm5BPSS8EeB0VGWdy6X1KCoYe8Pk6pwDoAKZUOdLVxnTJcExiv5zw==",
        "dependencies": {
          "System.Collections": "4.0.11",
          "System.Diagnostics.Debug": "4.0.11",
          "System.Globalization": "4.0.11",
          "System.IO": "4.1.0",
          "System.Linq": "4.1.0",
          "System.ObjectModel": "4.0.12",
          "System.Reflection": "4.1.0",
          "System.Reflection.Emit": "4.0.1",
          "System.Reflection.Emit.ILGeneration": "4.0.1",
          "System.Reflection.Emit.Lightweight": "4.0.1",
          "System.Reflection.Extensions": "4.0.1",
          "System.Reflection.Primitives": "4.0.1",
          "System.Reflection.TypeExtensions": "4.1.0",
          "System.Resources.ResourceManager": "4.0.1",
          "System.Runtime": "4.1.0",
          "System.Runtime.Extensions": "4.1.0",
          "System.Threading": "4.0.11"
        }
      },
      "System.Memory": {
        "type": "Transitive",
        "resolved": "4.5.1",
        "contentHash": "vcG3/MbfpxznMkkkaAblJi7RHOmuP7kawQMhDgLSuA1tRpRQYsFSCTxRSINDUgn2QNn2jWeLxv8er5BXbyACkw==",
        "dependencies": {
          "System.Buffers": "4.4.0",
          "System.Numerics.Vectors": "4.4.0",
          "System.Runtime.CompilerServices.Unsafe": "4.5.0"
        }
      },
      "System.Numerics.Vectors": {
        "type": "Transitive",
        "resolved": "4.4.0",
        "contentHash": "gdRrUJs1RrjW3JB5p82hYjA67xoeFLvh0SdSIWjTiN8qExlbFt/RtXwVYNc5BukJ/f9OKzQQS6gakzbJeHTqHg=="
      },
      "System.ObjectModel": {
        "type": "Transitive",
        "resolved": "4.0.12",
        "contentHash": "tAgJM1xt3ytyMoW4qn4wIqgJYm7L7TShRZG4+Q4Qsi2PCcj96pXN7nRywS9KkB3p/xDUjc2HSwP9SROyPYDYKQ==",
        "dependencies": {
          "System.Collections": "4.0.11",
          "System.Diagnostics.Debug": "4.0.11",
          "System.Resources.ResourceManager": "4.0.1",
          "System.Runtime": "4.1.0",
          "System.Threading": "4.0.11"
        }
      },
      "System.Reflection": {
        "type": "Transitive",
        "resolved": "4.1.0",
        "contentHash": "JCKANJ0TI7kzoQzuwB/OoJANy1Lg338B6+JVacPl4TpUwi3cReg3nMLplMq2uqYfHFQpKIlHAUVAJlImZz/4ng==",
        "dependencies": {
          "Microsoft.NETCore.Platforms": "1.0.1",
          "Microsoft.NETCore.Targets": "1.0.1",
          "System.IO": "4.1.0",
          "System.Reflection.Primitives": "4.0.1",
          "System.Runtime": "4.1.0"
        }
      },
      "System.Reflection.Emit": {
        "type": "Transitive",
        "resolved": "4.0.1",
        "contentHash": "P2wqAj72fFjpP6wb9nSfDqNBMab+2ovzSDzUZK7MVIm54tBJEPr9jWfSjjoTpPwj1LeKcmX3vr0ttyjSSFM47g==",
        "dependencies": {
          "System.IO": "4.1.0",
          "System.Reflection": "4.1.0",
          "System.Reflection.Emit.ILGeneration": "4.0.1",
          "System.Reflection.Primitives": "4.0.1",
          "System.Runtime": "4.1.0"
        }
      },
      "System.Reflection.Emit.ILGeneration": {
        "type": "Transitive",
        "resolved": "4.0.1",
        "contentHash": "Ov6dU8Bu15Bc7zuqttgHF12J5lwSWyTf1S+FJouUXVMSqImLZzYaQ+vRr1rQ0OZ0HqsrwWl4dsKHELckQkVpgA==",
        "dependencies": {
          "System.Reflection": "4.1.0",
          "System.Reflection.Primitives": "4.0.1",
          "System.Runtime": "4.1.0"
        }
      },
      "System.Reflection.Emit.Lightweight": {
        "type": "Transitive",
        "resolved": "4.0.1",
        "contentHash": "sSzHHXueZ5Uh0OLpUQprhr+ZYJrLPA2Cmr4gn0wj9+FftNKXx8RIMKvO9qnjk2ebPYUjZ+F2ulGdPOsvj+MEjA==",
        "dependencies": {
          "System.Reflection": "4.1.0",
          "System.Reflection.Emit.ILGeneration": "4.0.1",
          "System.Reflection.Primitives": "4.0.1",
          "System.Runtime": "4.1.0"
        }
      },
      "System.Reflection.Extensions": {
        "type": "Transitive",
        "resolved": "4.0.1",
        "contentHash": "GYrtRsZcMuHF3sbmRHfMYpvxZoIN2bQGrYGerUiWLEkqdEUQZhH3TRSaC/oI4wO0II1RKBPlpIa1TOMxIcOOzQ==",
        "dependencies": {
          "Microsoft.NETCore.Platforms": "1.0.1",
          "Microsoft.NETCore.Targets": "1.0.1",
          "System.Reflection": "4.1.0",
          "System.Runtime": "4.1.0"
        }
      },
      "System.Reflection.Primitives": {
        "type": "Transitive",
        "resolved": "4.0.1",
        "contentHash": "4inTox4wTBaDhB7V3mPvp9XlCbeGYWVEM9/fXALd52vNEAVisc1BoVWQPuUuD0Ga//dNbA/WeMy9u9mzLxGTHQ==",
        "dependencies": {
          "Microsoft.NETCore.Platforms": "1.0.1",
          "Microsoft.NETCore.Targets": "1.0.1",
          "System.Runtime": "4.1.0"
        }
      },
      "System.Reflection.TypeExtensions": {
        "type": "Transitive",
        "resolved": "4.1.0",
        "contentHash": "tsQ/ptQ3H5FYfON8lL4MxRk/8kFyE0A+tGPXmVP967cT/gzLHYxIejIYSxp4JmIeFHVP78g/F2FE1mUUTbDtrg==",
        "dependencies": {
          "System.Reflection": "4.1.0",
          "System.Runtime": "4.1.0"
        }
      },
      "System.Resources.ResourceManager": {
        "type": "Transitive",
        "resolved": "4.0.1",
        "contentHash": "TxwVeUNoTgUOdQ09gfTjvW411MF+w9MBYL7AtNVc+HtBCFlutPLhUCdZjNkjbhj3bNQWMdHboF0KIWEOjJssbA==",
        "dependencies": {
          "Microsoft.NETCore.Platforms": "1.0.1",
          "Microsoft.NETCore.Targets": "1.0.1",
          "System.Globalization": "4.0.11",
          "System.Reflection": "4.1.0",
          "System.Runtime": "4.1.0"
        }
      },
      "System.Runtime": {
        "type": "Transitive",
        "resolved": "4.1.0",
        "contentHash": "v6c/4Yaa9uWsq+JMhnOFewrYkgdNHNG2eMKuNqRn8P733rNXeRCGvV5FkkjBXn2dbVkPXOsO0xjsEeM1q2zC0g==",
        "dependencies": {
          "Microsoft.NETCore.Platforms": "1.0.1",
          "Microsoft.NETCore.Targets": "1.0.1"
        }
      },
      "System.Runtime.CompilerServices.Unsafe": {
        "type": "Transitive",
        "resolved": "4.5.1",
        "contentHash": "qUJMNWhbm9oZ3XaMFiEMiYmRPszbnXIkRIi7+4b2Md2xZ6JUOepf0/kY3S85qistRohl9OdMe4PsO+RdG2kTIQ=="
      },
      "System.Runtime.Extensions": {
        "type": "Transitive",
        "resolved": "4.1.0",
        "contentHash": "CUOHjTT/vgP0qGW22U4/hDlOqXmcPq5YicBaXdUR2UiUoLwBT+olO6we4DVbq57jeX5uXH2uerVZhf0qGj+sVQ==",
        "dependencies": {
          "Microsoft.NETCore.Platforms": "1.0.1",
          "Microsoft.NETCore.Targets": "1.0.1",
          "System.Runtime": "4.1.0"
        }
      },
      "System.Runtime.Handles": {
        "type": "Transitive",
        "resolved": "4.0.1",
        "contentHash": "nCJvEKguXEvk2ymk1gqj625vVnlK3/xdGzx0vOKicQkoquaTBJTP13AIYkocSUwHCLNBwUbXTqTWGDxBTWpt7g==",
        "dependencies": {
          "Microsoft.NETCore.Platforms": "1.0.1",
          "Microsoft.NETCore.Targets": "1.0.1",
          "System.Runtime": "4.1.0"
        }
      },
      "System.Runtime.InteropServices": {
        "type": "Transitive",
        "resolved": "4.1.0",
        "contentHash": "16eu3kjHS633yYdkjwShDHZLRNMKVi/s0bY8ODiqJ2RfMhDMAwxZaUaWVnZ2P71kr/or+X9o/xFWtNqz8ivieQ==",
        "dependencies": {
          "Microsoft.NETCore.Platforms": "1.0.1",
          "Microsoft.NETCore.Targets": "1.0.1",
          "System.Reflection": "4.1.0",
          "System.Reflection.Primitives": "4.0.1",
          "System.Runtime": "4.1.0",
          "System.Runtime.Handles": "4.0.1"
        }
      },
      "System.Runtime.InteropServices.RuntimeInformation": {
        "type": "Transitive",
        "resolved": "4.0.0",
        "contentHash": "hWPhJxc453RCa8Z29O91EmfGeZIHX1ZH2A8L6lYQVSaKzku2DfArSfMEb1/MYYzPQRJZeu0c9dmYeJKxW5Fgng==",
        "dependencies": {
          "Microsoft.NETCore.Platforms": "1.0.1",
          "System.Reflection": "4.1.0",
          "System.Resources.ResourceManager": "4.0.1",
          "System.Runtime": "4.1.0",
          "System.Runtime.InteropServices": "4.1.0",
          "System.Threading": "4.0.11",
          "runtime.native.System": "4.0.0"
        }
      },
      "System.Runtime.Serialization.Primitives": {
        "type": "Transitive",
        "resolved": "4.1.1",
        "contentHash": "HZ6Du5QrTG8MNJbf4e4qMO3JRAkIboGT5Fk804uZtg3Gq516S7hAqTm2UZKUHa7/6HUGdVy3AqMQKbns06G/cg==",
        "dependencies": {
          "System.Resources.ResourceManager": "4.0.1",
          "System.Runtime": "4.1.0"
        }
      },
      "System.Text.Encoding": {
        "type": "Transitive",
        "resolved": "4.0.11",
        "contentHash": "U3gGeMlDZXxCEiY4DwVLSacg+DFWCvoiX+JThA/rvw37Sqrku7sEFeVBBBMBnfB6FeZHsyDx85HlKL19x0HtZA==",
        "dependencies": {
          "Microsoft.NETCore.Platforms": "1.0.1",
          "Microsoft.NETCore.Targets": "1.0.1",
          "System.Runtime": "4.1.0"
        }
      },
      "System.Text.Encoding.Extensions": {
        "type": "Transitive",
        "resolved": "4.0.11",
        "contentHash": "jtbiTDtvfLYgXn8PTfWI+SiBs51rrmO4AAckx4KR6vFK9Wzf6tI8kcRdsYQNwriUeQ1+CtQbM1W4cMbLXnj/OQ==",
        "dependencies": {
          "Microsoft.NETCore.Platforms": "1.0.1",
          "Microsoft.NETCore.Targets": "1.0.1",
          "System.Runtime": "4.1.0",
          "System.Text.Encoding": "4.0.11"
        }
      },
      "System.Text.Encodings.Web": {
        "type": "Transitive",
        "resolved": "4.5.0",
        "contentHash": "JF+wDdfFiRl3rz3dPMfR6aR568AW2J5CUMmhSflgHDz4zbVK4/00ax8UHnHyEMvblPewgNugjuA4oyoL8Pex2g=="
      },
      "System.Text.RegularExpressions": {
        "type": "Transitive",
        "resolved": "4.1.0",
        "contentHash": "i88YCXpRTjCnoSQZtdlHkAOx4KNNik4hMy83n0+Ftlb7jvV6ZiZWMpnEZHhjBp6hQVh8gWd/iKNPzlPF7iyA2g==",
        "dependencies": {
          "System.Collections": "4.0.11",
          "System.Globalization": "4.0.11",
          "System.Resources.ResourceManager": "4.0.1",
          "System.Runtime": "4.1.0",
          "System.Runtime.Extensions": "4.1.0",
          "System.Threading": "4.0.11"
        }
      },
      "System.Threading": {
        "type": "Transitive",
        "resolved": "4.0.11",
        "contentHash": "N+3xqIcg3VDKyjwwCGaZ9HawG9aC6cSDI+s7ROma310GQo8vilFZa86hqKppwTHleR/G0sfOzhvgnUxWCR/DrQ==",
        "dependencies": {
          "System.Runtime": "4.1.0",
          "System.Threading.Tasks": "4.0.11"
        }
      },
      "System.Threading.Tasks": {
        "type": "Transitive",
        "resolved": "4.0.11",
        "contentHash": "k1S4Gc6IGwtHGT8188RSeGaX86Qw/wnrgNLshJvsdNUOPP9etMmo8S07c+UlOAx4K/xLuN9ivA1bD0LVurtIxQ==",
        "dependencies": {
          "Microsoft.NETCore.Platforms": "1.0.1",
          "Microsoft.NETCore.Targets": "1.0.1",
          "System.Runtime": "4.1.0"
        }
      },
      "System.Threading.Tasks.Extensions": {
        "type": "Transitive",
        "resolved": "4.5.1",
        "contentHash": "rckdhLJtzQ3EI+0BGuq7dUVtCSnerqAoAmL3S6oMRZ4VMZTL3Rq9DS8IDW57c6PYVebA4O0NbSA1BDvyE18UMA==",
        "dependencies": {
          "System.Runtime.CompilerServices.Unsafe": "4.5.0"
        }
      },
      "System.Xml.ReaderWriter": {
        "type": "Transitive",
        "resolved": "4.0.11",
        "contentHash": "ZIiLPsf67YZ9zgr31vzrFaYQqxRPX9cVHjtPSnmx4eN6lbS/yEyYNr2vs1doGDEscF0tjCZFsk9yUg1sC9e8tg==",
        "dependencies": {
          "System.Collections": "4.0.11",
          "System.Diagnostics.Debug": "4.0.11",
          "System.Globalization": "4.0.11",
          "System.IO": "4.1.0",
          "System.IO.FileSystem": "4.0.1",
          "System.IO.FileSystem.Primitives": "4.0.1",
          "System.Resources.ResourceManager": "4.0.1",
          "System.Runtime": "4.1.0",
          "System.Runtime.Extensions": "4.1.0",
          "System.Runtime.InteropServices": "4.1.0",
          "System.Text.Encoding": "4.0.11",
          "System.Text.Encoding.Extensions": "4.0.11",
          "System.Text.RegularExpressions": "4.1.0",
          "System.Threading.Tasks": "4.0.11",
          "System.Threading.Tasks.Extensions": "4.0.0"
        }
      },
      "System.Xml.XDocument": {
        "type": "Transitive",
        "resolved": "4.0.11",
        "contentHash": "Mk2mKmPi0nWaoiYeotq1dgeNK1fqWh61+EK+w4Wu8SWuTYLzpUnschb59bJtGywaPq7SmTuPf44wrXRwbIrukg==",
        "dependencies": {
          "System.Collections": "4.0.11",
          "System.Diagnostics.Debug": "4.0.11",
          "System.Diagnostics.Tools": "4.0.1",
          "System.Globalization": "4.0.11",
          "System.IO": "4.1.0",
          "System.Reflection": "4.1.0",
          "System.Resources.ResourceManager": "4.0.1",
          "System.Runtime": "4.1.0",
          "System.Runtime.Extensions": "4.1.0",
          "System.Text.Encoding": "4.0.11",
          "System.Threading": "4.0.11",
          "System.Xml.ReaderWriter": "4.0.11"
        }
      }
    }
  }
}